// !$*UTF8*$!
{
	archiveVersion = 1;
	classes = {
	};
	objectVersion = 46;
	objects = {

/* Begin PBXBuildFile section */
		6B6777261EEF11A6009FBB2F /* AppDelegate.swift in Sources */ = {isa = PBXBuildFile; fileRef = 6B6777251EEF11A6009FBB2F /* AppDelegate.swift */; };
		6B67772B1EEF11A6009FBB2F /* Main.storyboard in Resources */ = {isa = PBXBuildFile; fileRef = 6B6777291EEF11A6009FBB2F /* Main.storyboard */; };
		6B67772D1EEF11A6009FBB2F /* Assets.xcassets in Resources */ = {isa = PBXBuildFile; fileRef = 6B67772C1EEF11A6009FBB2F /* Assets.xcassets */; };
		6B6777301EEF11A6009FBB2F /* LaunchScreen.storyboard in Resources */ = {isa = PBXBuildFile; fileRef = 6B67772E1EEF11A6009FBB2F /* LaunchScreen.storyboard */; };
		6B67773C1EEF11FB009FBB2F /* CloudKit.framework in Frameworks */ = {isa = PBXBuildFile; fileRef = 6B67773B1EEF11FB009FBB2F /* CloudKit.framework */; };
		6B67773E1EEF14F8009FBB2F /* PostListTableViewController.swift in Sources */ = {isa = PBXBuildFile; fileRef = 6B67773D1EEF14F7009FBB2F /* PostListTableViewController.swift */; };
		6B6777401EEF266E009FBB2F /* PostDetailTableViewController.swift in Sources */ = {isa = PBXBuildFile; fileRef = 6B67773F1EEF266E009FBB2F /* PostDetailTableViewController.swift */; };
		6B6777421EEF26CD009FBB2F /* AddPostTableViewController.swift in Sources */ = {isa = PBXBuildFile; fileRef = 6B6777411EEF26CD009FBB2F /* AddPostTableViewController.swift */; };
		6B6777441EEF26FE009FBB2F /* SearchResultsTableViewController.swift in Sources */ = {isa = PBXBuildFile; fileRef = 6B6777431EEF26FE009FBB2F /* SearchResultsTableViewController.swift */; };
		6B6777481EEF27A1009FBB2F /* Post.swift in Sources */ = {isa = PBXBuildFile; fileRef = 6B6777471EEF27A1009FBB2F /* Post.swift */; };
		6B67774A1EEF298A009FBB2F /* Comment.swift in Sources */ = {isa = PBXBuildFile; fileRef = 6B6777491EEF298A009FBB2F /* Comment.swift */; };
		6B67774C1EEF2A81009FBB2F /* PostController.swift in Sources */ = {isa = PBXBuildFile; fileRef = 6B67774B1EEF2A81009FBB2F /* PostController.swift */; };
/* End PBXBuildFile section */

/* Begin PBXFileReference section */
		6B6777221EEF11A6009FBB2F /* TimeLine_IOS13.app */ = {isa = PBXFileReference; explicitFileType = wrapper.application; includeInIndex = 0; path = TimeLine_IOS13.app; sourceTree = BUILT_PRODUCTS_DIR; };
		6B6777251EEF11A6009FBB2F /* AppDelegate.swift */ = {isa = PBXFileReference; lastKnownFileType = sourcecode.swift; path = AppDelegate.swift; sourceTree = "<group>"; };
		6B67772A1EEF11A6009FBB2F /* Base */ = {isa = PBXFileReference; lastKnownFileType = file.storyboard; name = Base; path = Base.lproj/Main.storyboard; sourceTree = "<group>"; };
		6B67772C1EEF11A6009FBB2F /* Assets.xcassets */ = {isa = PBXFileReference; lastKnownFileType = folder.assetcatalog; path = Assets.xcassets; sourceTree = "<group>"; };
		6B67772F1EEF11A6009FBB2F /* Base */ = {isa = PBXFileReference; lastKnownFileType = file.storyboard; name = Base; path = Base.lproj/LaunchScreen.storyboard; sourceTree = "<group>"; };
		6B6777311EEF11A6009FBB2F /* Info.plist */ = {isa = PBXFileReference; lastKnownFileType = text.plist.xml; path = Info.plist; sourceTree = "<group>"; };
		6B6777391EEF11F7009FBB2F /* TimeLine_IOS13.entitlements */ = {isa = PBXFileReference; lastKnownFileType = text.plist.entitlements; path = TimeLine_IOS13.entitlements; sourceTree = "<group>"; };
		6B67773B1EEF11FB009FBB2F /* CloudKit.framework */ = {isa = PBXFileReference; lastKnownFileType = wrapper.framework; name = CloudKit.framework; path = System/Library/Frameworks/CloudKit.framework; sourceTree = SDKROOT; };
		6B67773D1EEF14F7009FBB2F /* PostListTableViewController.swift */ = {isa = PBXFileReference; fileEncoding = 4; lastKnownFileType = sourcecode.swift; path = PostListTableViewController.swift; sourceTree = "<group>"; };
		6B67773F1EEF266E009FBB2F /* PostDetailTableViewController.swift */ = {isa = PBXFileReference; fileEncoding = 4; lastKnownFileType = sourcecode.swift; path = PostDetailTableViewController.swift; sourceTree = "<group>"; };
		6B6777411EEF26CD009FBB2F /* AddPostTableViewController.swift */ = {isa = PBXFileReference; fileEncoding = 4; lastKnownFileType = sourcecode.swift; path = AddPostTableViewController.swift; sourceTree = "<group>"; };
		6B6777431EEF26FE009FBB2F /* SearchResultsTableViewController.swift */ = {isa = PBXFileReference; fileEncoding = 4; lastKnownFileType = sourcecode.swift; path = SearchResultsTableViewController.swift; sourceTree = "<group>"; };
		6B6777471EEF27A1009FBB2F /* Post.swift */ = {isa = PBXFileReference; fileEncoding = 4; lastKnownFileType = sourcecode.swift; path = Post.swift; sourceTree = "<group>"; };
		6B6777491EEF298A009FBB2F /* Comment.swift */ = {isa = PBXFileReference; fileEncoding = 4; lastKnownFileType = sourcecode.swift; path = Comment.swift; sourceTree = "<group>"; };
		6B67774B1EEF2A81009FBB2F /* PostController.swift */ = {isa = PBXFileReference; fileEncoding = 4; lastKnownFileType = sourcecode.swift; path = PostController.swift; sourceTree = "<group>"; };
/* End PBXFileReference section */

/* Begin PBXFrameworksBuildPhase section */
		6B67771F1EEF11A6009FBB2F /* Frameworks */ = {
			isa = PBXFrameworksBuildPhase;
			buildActionMask = 2147483647;
			files = (
				6B67773C1EEF11FB009FBB2F /* CloudKit.framework in Frameworks */,
			);
			runOnlyForDeploymentPostprocessing = 0;
		};
/* End PBXFrameworksBuildPhase section */

/* Begin PBXGroup section */
		6B6777191EEF11A6009FBB2F = {
			isa = PBXGroup;
			children = (
				6B6777241EEF11A6009FBB2F /* TimeLine_IOS13 */,
				6B6777231EEF11A6009FBB2F /* Products */,
				6B67773A1EEF11FB009FBB2F /* Frameworks */,
			);
			sourceTree = "<group>";
		};
		6B6777231EEF11A6009FBB2F /* Products */ = {
			isa = PBXGroup;
			children = (
				6B6777221EEF11A6009FBB2F /* TimeLine_IOS13.app */,
			);
			name = Products;
			sourceTree = "<group>";
		};
		6B6777241EEF11A6009FBB2F /* TimeLine_IOS13 */ = {
			isa = PBXGroup;
			children = (
				6B6777391EEF11F7009FBB2F /* TimeLine_IOS13.entitlements */,
				6B6777251EEF11A6009FBB2F /* AppDelegate.swift */,
				6B6777461EEF278B009FBB2F /* ModelControllers */,
				6B6777451EEF2784009FBB2F /* Models */,
				6B6777381EEF11ED009FBB2F /* ViewControllers */,
				6B6777371EEF11B5009FBB2F /* Resources */,
			);
			path = TimeLine_IOS13;
			sourceTree = "<group>";
		};
		6B6777371EEF11B5009FBB2F /* Resources */ = {
			isa = PBXGroup;
			children = (
				6B67772C1EEF11A6009FBB2F /* Assets.xcassets */,
				6B67772E1EEF11A6009FBB2F /* LaunchScreen.storyboard */,
				6B6777311EEF11A6009FBB2F /* Info.plist */,
			);
			name = Resources;
			sourceTree = "<group>";
		};
		6B6777381EEF11ED009FBB2F /* ViewControllers */ = {
			isa = PBXGroup;
			children = (
				6B6777291EEF11A6009FBB2F /* Main.storyboard */,
				6B67773D1EEF14F7009FBB2F /* PostListTableViewController.swift */,
				6B67773F1EEF266E009FBB2F /* PostDetailTableViewController.swift */,
				6B6777411EEF26CD009FBB2F /* AddPostTableViewController.swift */,
				6B6777431EEF26FE009FBB2F /* SearchResultsTableViewController.swift */,
			);
			name = ViewControllers;
			sourceTree = "<group>";
		};
		6B67773A1EEF11FB009FBB2F /* Frameworks */ = {
			isa = PBXGroup;
			children = (
				6B67773B1EEF11FB009FBB2F /* CloudKit.framework */,
			);
			name = Frameworks;
			sourceTree = "<group>";
		};
		6B6777451EEF2784009FBB2F /* Models */ = {
			isa = PBXGroup;
			children = (
				6B6777471EEF27A1009FBB2F /* Post.swift */,
				6B6777491EEF298A009FBB2F /* Comment.swift */,
			);
			name = Models;
			sourceTree = "<group>";
		};
		6B6777461EEF278B009FBB2F /* ModelControllers */ = {
			isa = PBXGroup;
			children = (
				6B67774B1EEF2A81009FBB2F /* PostController.swift */,
			);
			name = ModelControllers;
			sourceTree = "<group>";
		};
/* End PBXGroup section */

/* Begin PBXNativeTarget section */
		6B6777211EEF11A6009FBB2F /* TimeLine_IOS13 */ = {
			isa = PBXNativeTarget;
			buildConfigurationList = 6B6777341EEF11A6009FBB2F /* Build configuration list for PBXNativeTarget "TimeLine_IOS13" */;
			buildPhases = (
				6B67771E1EEF11A6009FBB2F /* Sources */,
				6B67771F1EEF11A6009FBB2F /* Frameworks */,
				6B6777201EEF11A6009FBB2F /* Resources */,
			);
			buildRules = (
			);
			dependencies = (
			);
			name = TimeLine_IOS13;
			productName = TimeLine_IOS13;
			productReference = 6B6777221EEF11A6009FBB2F /* TimeLine_IOS13.app */;
			productType = "com.apple.product-type.application";
		};
/* End PBXNativeTarget section */

/* Begin PBXProject section */
		6B67771A1EEF11A6009FBB2F /* Project object */ = {
			isa = PBXProject;
			attributes = {
				LastSwiftUpdateCheck = 0830;
				LastUpgradeCheck = 0830;
				ORGANIZATIONNAME = "Bradley Gilmore";
				TargetAttributes = {
					6B6777211EEF11A6009FBB2F = {
						CreatedOnToolsVersion = 8.3.3;
						DevelopmentTeam = N8EMAYLL43;
						ProvisioningStyle = Automatic;
						SystemCapabilities = {
							com.apple.Push = {
								enabled = 1;
							};
							com.apple.iCloud = {
								enabled = 1;
							};
						};
					};
				};
			};
			buildConfigurationList = 6B67771D1EEF11A6009FBB2F /* Build configuration list for PBXProject "TimeLine_IOS13" */;
			compatibilityVersion = "Xcode 3.2";
			developmentRegion = English;
			hasScannedForEncodings = 0;
			knownRegions = (
				en,
				Base,
			);
			mainGroup = 6B6777191EEF11A6009FBB2F;
			productRefGroup = 6B6777231EEF11A6009FBB2F /* Products */;
			projectDirPath = "";
			projectRoot = "";
			targets = (
				6B6777211EEF11A6009FBB2F /* TimeLine_IOS13 */,
			);
		};
/* End PBXProject section */

/* Begin PBXResourcesBuildPhase section */
		6B6777201EEF11A6009FBB2F /* Resources */ = {
			isa = PBXResourcesBuildPhase;
			buildActionMask = 2147483647;
			files = (
				6B6777301EEF11A6009FBB2F /* LaunchScreen.storyboard in Resources */,
				6B67772D1EEF11A6009FBB2F /* Assets.xcassets in Resources */,
				6B67772B1EEF11A6009FBB2F /* Main.storyboard in Resources */,
			);
			runOnlyForDeploymentPostprocessing = 0;
		};
/* End PBXResourcesBuildPhase section */

/* Begin PBXSourcesBuildPhase section */
		6B67771E1EEF11A6009FBB2F /* Sources */ = {
			isa = PBXSourcesBuildPhase;
			buildActionMask = 2147483647;
			files = (
				6B6777261EEF11A6009FBB2F /* AppDelegate.swift in Sources */,
				6B67774C1EEF2A81009FBB2F /* PostController.swift in Sources */,
				6B67773E1EEF14F8009FBB2F /* PostListTableViewController.swift in Sources */,
				6B6777441EEF26FE009FBB2F /* SearchResultsTableViewController.swift in Sources */,
				6B67774A1EEF298A009FBB2F /* Comment.swift in Sources */,
				6B6777481EEF27A1009FBB2F /* Post.swift in Sources */,
				6B6777421EEF26CD009FBB2F /* AddPostTableViewController.swift in Sources */,
				6B6777401EEF266E009FBB2F /* PostDetailTableViewController.swift in Sources */,
			);
			runOnlyForDeploymentPostprocessing = 0;
		};
/* End PBXSourcesBuildPhase section */

/* Begin PBXVariantGroup section */
		6B6777291EEF11A6009FBB2F /* Main.storyboard */ = {
			isa = PBXVariantGroup;
			children = (
				6B67772A1EEF11A6009FBB2F /* Base */,
			);
			name = Main.storyboard;
			sourceTree = "<group>";
		};
		6B67772E1EEF11A6009FBB2F /* LaunchScreen.storyboard */ = {
			isa = PBXVariantGroup;
			children = (
				6B67772F1EEF11A6009FBB2F /* Base */,
			);
			name = LaunchScreen.storyboard;
			sourceTree = "<group>";
		};
/* End PBXVariantGroup section */

/* Begin XCBuildConfiguration section */
		6B6777321EEF11A6009FBB2F /* Debug */ = {
			isa = XCBuildConfiguration;
			buildSettings = {
				ALWAYS_SEARCH_USER_PATHS = NO;
				CLANG_ANALYZER_NONNULL = YES;
				CLANG_ANALYZER_NUMBER_OBJECT_CONVERSION = YES_AGGRESSIVE;
				CLANG_CXX_LANGUAGE_STANDARD = "gnu++0x";
				CLANG_CXX_LIBRARY = "libc++";
				CLANG_ENABLE_MODULES = YES;
				CLANG_ENABLE_OBJC_ARC = YES;
				CLANG_WARN_BOOL_CONVERSION = YES;
				CLANG_WARN_CONSTANT_CONVERSION = YES;
				CLANG_WARN_DIRECT_OBJC_ISA_USAGE = YES_ERROR;
				CLANG_WARN_DOCUMENTATION_COMMENTS = YES;
				CLANG_WARN_EMPTY_BODY = YES;
				CLANG_WARN_ENUM_CONVERSION = YES;
				CLANG_WARN_INFINITE_RECURSION = YES;
				CLANG_WARN_INT_CONVERSION = YES;
				CLANG_WARN_OBJC_ROOT_CLASS = YES_ERROR;
				CLANG_WARN_SUSPICIOUS_MOVE = YES;
				CLANG_WARN_UNREACHABLE_CODE = YES;
				CLANG_WARN__DUPLICATE_METHOD_MATCH = YES;
				"CODE_SIGN_IDENTITY[sdk=iphoneos*]" = "iPhone Developer";
				COPY_PHASE_STRIP = NO;
				DEBUG_INFORMATION_FORMAT = dwarf;
				ENABLE_STRICT_OBJC_MSGSEND = YES;
				ENABLE_TESTABILITY = YES;
				GCC_C_LANGUAGE_STANDARD = gnu99;
				GCC_DYNAMIC_NO_PIC = NO;
				GCC_NO_COMMON_BLOCKS = YES;
				GCC_OPTIMIZATION_LEVEL = 0;
				GCC_PREPROCESSOR_DEFINITIONS = (
					"DEBUG=1",
					"$(inherited)",
				);
				GCC_WARN_64_TO_32_BIT_CONVERSION = YES;
				GCC_WARN_ABOUT_RETURN_TYPE = YES_ERROR;
				GCC_WARN_UNDECLARED_SELECTOR = YES;
				GCC_WARN_UNINITIALIZED_AUTOS = YES_AGGRESSIVE;
				GCC_WARN_UNUSED_FUNCTION = YES;
				GCC_WARN_UNUSED_VARIABLE = YES;
				IPHONEOS_DEPLOYMENT_TARGET = 10.3;
				MTL_ENABLE_DEBUG_INFO = YES;
				ONLY_ACTIVE_ARCH = YES;
				SDKROOT = iphoneos;
				SWIFT_ACTIVE_COMPILATION_CONDITIONS = DEBUG;
				SWIFT_OPTIMIZATION_LEVEL = "-Onone";
			};
			name = Debug;
		};
		6B6777331EEF11A6009FBB2F /* Release */ = {
			isa = XCBuildConfiguration;
			buildSettings = {
				ALWAYS_SEARCH_USER_PATHS = NO;
				CLANG_ANALYZER_NONNULL = YES;
				CLANG_ANALYZER_NUMBER_OBJECT_CONVERSION = YES_AGGRESSIVE;
				CLANG_CXX_LANGUAGE_STANDARD = "gnu++0x";
				CLANG_CXX_LIBRARY = "libc++";
				CLANG_ENABLE_MODULES = YES;
				CLANG_ENABLE_OBJC_ARC = YES;
				CLANG_WARN_BOOL_CONVERSION = YES;
				CLANG_WARN_CONSTANT_CONVERSION = YES;
				CLANG_WARN_DIRECT_OBJC_ISA_USAGE = YES_ERROR;
				CLANG_WARN_DOCUMENTATION_COMMENTS = YES;
				CLANG_WARN_EMPTY_BODY = YES;
				CLANG_WARN_ENUM_CONVERSION = YES;
				CLANG_WARN_INFINITE_RECURSION = YES;
				CLANG_WARN_INT_CONVERSION = YES;
				CLANG_WARN_OBJC_ROOT_CLASS = YES_ERROR;
				CLANG_WARN_SUSPICIOUS_MOVE = YES;
				CLANG_WARN_UNREACHABLE_CODE = YES;
				CLANG_WARN__DUPLICATE_METHOD_MATCH = YES;
				"CODE_SIGN_IDENTITY[sdk=iphoneos*]" = "iPhone Developer";
				COPY_PHASE_STRIP = NO;
				DEBUG_INFORMATION_FORMAT = "dwarf-with-dsym";
				ENABLE_NS_ASSERTIONS = NO;
				ENABLE_STRICT_OBJC_MSGSEND = YES;
				GCC_C_LANGUAGE_STANDARD = gnu99;
				GCC_NO_COMMON_BLOCKS = YES;
				GCC_WARN_64_TO_32_BIT_CONVERSION = YES;
				GCC_WARN_ABOUT_RETURN_TYPE = YES_ERROR;
				GCC_WARN_UNDECLARED_SELECTOR = YES;
				GCC_WARN_UNINITIALIZED_AUTOS = YES_AGGRESSIVE;
				GCC_WARN_UNUSED_FUNCTION = YES;
				GCC_WARN_UNUSED_VARIABLE = YES;
				IPHONEOS_DEPLOYMENT_TARGET = 10.3;
				MTL_ENABLE_DEBUG_INFO = NO;
				SDKROOT = iphoneos;
				SWIFT_OPTIMIZATION_LEVEL = "-Owholemodule";
				VALIDATE_PRODUCT = YES;
			};
			name = Release;
		};
		6B6777351EEF11A6009FBB2F /* Debug */ = {
			isa = XCBuildConfiguration;
			buildSettings = {
				ASSETCATALOG_COMPILER_APPICON_NAME = AppIcon;
				CODE_SIGN_ENTITLEMENTS = TimeLine_IOS13/TimeLine_IOS13.entitlements;
				DEVELOPMENT_TEAM = N8EMAYLL43;
				INFOPLIST_FILE = TimeLine_IOS13/Info.plist;
				LD_RUNPATH_SEARCH_PATHS = "$(inherited) @executable_path/Frameworks";
				PRODUCT_BUNDLE_IDENTIFIER = "com.bradleygilmore.TimeLine-IOS13";
				PRODUCT_NAME = "$(TARGET_NAME)";
				SWIFT_VERSION = 3.0;
			};
			name = Debug;
		};
		6B6777361EEF11A6009FBB2F /* Release */ = {
			isa = XCBuildConfiguration;
			buildSettings = {
				ASSETCATALOG_COMPILER_APPICON_NAME = AppIcon;
				CODE_SIGN_ENTITLEMENTS = TimeLine_IOS13/TimeLine_IOS13.entitlements;
				DEVELOPMENT_TEAM = N8EMAYLL43;
				INFOPLIST_FILE = TimeLine_IOS13/Info.plist;
				LD_RUNPATH_SEARCH_PATHS = "$(inherited) @executable_path/Frameworks";
				PRODUCT_BUNDLE_IDENTIFIER = "com.bradleygilmore.TimeLine-IOS13";
				PRODUCT_NAME = "$(TARGET_NAME)";
				SWIFT_VERSION = 3.0;
			};
			name = Release;
		};
/* End XCBuildConfiguration section */

/* Begin XCConfigurationList section */
		6B67771D1EEF11A6009FBB2F /* Build configuration list for PBXProject "TimeLine_IOS13" */ = {
			isa = XCConfigurationList;
			buildConfigurations = (
				6B6777321EEF11A6009FBB2F /* Debug */,
				6B6777331EEF11A6009FBB2F /* Release */,
			);
			defaultConfigurationIsVisible = 0;
			defaultConfigurationName = Release;
		};
		6B6777341EEF11A6009FBB2F /* Build configuration list for PBXNativeTarget "TimeLine_IOS13" */ = {
			isa = XCConfigurationList;
			buildConfigurations = (
				6B6777351EEF11A6009FBB2F /* Debug */,
				6B6777361EEF11A6009FBB2F /* Release */,
			);
			defaultConfigurationIsVisible = 0;
		};
/* End XCConfigurationList section */
	};
	rootObject = 6B67771A1EEF11A6009FBB2F /* Project object */;
}
